// !$*UTF8*$!
{
	archiveVersion = 1;
	classes = {
	};
	objectVersion = 55;
	objects = {

/* Begin PBXBuildFile section */
		60DE22B1284DD83000942C33 /* main.cpp in Sources */ = {isa = PBXBuildFile; fileRef = 60DE22B0284DD83000942C33 /* main.cpp */; };
		60DE22BB284DDA8100942C33 /* libglfw3.a in Frameworks */ = {isa = PBXBuildFile; fileRef = 60DE22BA284DDA8100942C33 /* libglfw3.a */; };
		60DE22C0284DDB5300942C33 /* glad.c in Sources */ = {isa = PBXBuildFile; fileRef = 60DE22BF284DDB5300942C33 /* glad.c */; };
		60DE22C3284DDC6E00942C33 /* AppKit.framework in Frameworks */ = {isa = PBXBuildFile; fileRef = 60DE22C2284DDC6E00942C33 /* AppKit.framework */; };
		60DE22C5284DDC8400942C33 /* IOKit.framework in Frameworks */ = {isa = PBXBuildFile; fileRef = 60DE22C4284DDC8400942C33 /* IOKit.framework */; };
		60DE22C7284DDC9200942C33 /* CoreFoundation.framework in Frameworks */ = {isa = PBXBuildFile; fileRef = 60DE22C6284DDC9200942C33 /* CoreFoundation.framework */; };
		60DE22C9284DDC9E00942C33 /* Foundation.framework in Frameworks */ = {isa = PBXBuildFile; fileRef = 60DE22C8284DDC9E00942C33 /* Foundation.framework */; };
		60DE22CB284DDCAA00942C33 /* CoreGraphics.framework in Frameworks */ = {isa = PBXBuildFile; fileRef = 60DE22CA284DDCAA00942C33 /* CoreGraphics.framework */; };
/* End PBXBuildFile section */

/* Begin PBXCopyFilesBuildPhase section */
		60DE22AB284DD83000942C33 /* CopyFiles */ = {
			isa = PBXCopyFilesBuildPhase;
			buildActionMask = 2147483647;
			dstPath = /usr/share/man/man1/;
			dstSubfolderSpec = 0;
			files = (
			);
			runOnlyForDeploymentPostprocessing = 1;
		};
/* End PBXCopyFilesBuildPhase section */

/* Begin PBXFileReference section */
		60A9683A2882873C00889B11 /* shader_s.h */ = {isa = PBXFileReference; lastKnownFileType = sourcecode.c.h; path = shader_s.h; sourceTree = "<group>"; };
		60A9683F28828DDF00889B11 /* basic.fs */ = {isa = PBXFileReference; fileEncoding = 4; lastKnownFileType = sourcecode.glsl; path = basic.fs; sourceTree = "<group>"; };
		60A9684028828DDF00889B11 /* basic.vs */ = {isa = PBXFileReference; fileEncoding = 4; lastKnownFileType = sourcecode.glsl; path = basic.vs; sourceTree = "<group>"; };
		60A9684228829AF600889B11 /* wall.jpeg */ = {isa = PBXFileReference; lastKnownFileType = image.jpeg; path = wall.jpeg; sourceTree = "<group>"; };
		60A9684528829DAF00889B11 /* container.jpeg */ = {isa = PBXFileReference; lastKnownFileType = image.jpeg; path = container.jpeg; sourceTree = "<group>"; };
		60A9684628829DC200889B11 /* awesomeface.png */ = {isa = PBXFileReference; lastKnownFileType = image.png; path = awesomeface.png; sourceTree = "<group>"; };
		60A968472882A0C400889B11 /* stb_image */ = {isa = PBXFileReference; lastKnownFileType = folder; name = stb_image; path = Externals/Include/stb_image; sourceTree = "<group>"; };
		60A9684A2882A17D00889B11 /* stb_image.h */ = {isa = PBXFileReference; fileEncoding = 4; lastKnownFileType = sourcecode.c.h; path = stb_image.h; sourceTree = "<group>"; };
		60A9684B2882A68E00889B11 /* constants.h */ = {isa = PBXFileReference; lastKnownFileType = sourcecode.c.h; path = constants.h; sourceTree = "<group>"; };
		60B88DBE288BCC4F00FBDCB9 /* glm */ = {isa = PBXFileReference; fileEncoding = 4; lastKnownFileType = text; name = glm; path = Externals/Include/glm; sourceTree = SOURCE_ROOT; };
		60B88DBF288C0DAF00FBDCB9 /* shader_m.h */ = {isa = PBXFileReference; lastKnownFileType = sourcecode.c.h; path = shader_m.h; sourceTree = "<group>"; };
		60DE22AD284DD83000942C33 /* LearnOpenGL */ = {isa = PBXFileReference; explicitFileType = "compiled.mach-o.executable"; includeInIndex = 0; path = LearnOpenGL; sourceTree = BUILT_PRODUCTS_DIR; };
		60DE22B0284DD83000942C33 /* main.cpp */ = {isa = PBXFileReference; lastKnownFileType = sourcecode.cpp.cpp; path = main.cpp; sourceTree = "<group>"; };
		60DE22BA284DDA8100942C33 /* libglfw3.a */ = {isa = PBXFileReference; lastKnownFileType = archive.ar; path = libglfw3.a; sourceTree = "<group>"; };
		60DE22BC284DDACE00942C33 /* GLFW */ = {isa = PBXFileReference; lastKnownFileType = folder; path = GLFW; sourceTree = "<group>"; };
		60DE22BD284DDB0A00942C33 /* glad */ = {isa = PBXFileReference; lastKnownFileType = folder; path = glad; sourceTree = "<group>"; };
		60DE22BE284DDB1400942C33 /* KHR */ = {isa = PBXFileReference; lastKnownFileType = folder; path = KHR; sourceTree = "<group>"; };
		60DE22BF284DDB5300942C33 /* glad.c */ = {isa = PBXFileReference; fileEncoding = 4; lastKnownFileType = sourcecode.c.c; path = glad.c; sourceTree = "<group>"; };
		60DE22C2284DDC6E00942C33 /* AppKit.framework */ = {isa = PBXFileReference; lastKnownFileType = wrapper.framework; name = AppKit.framework; path = System/Library/Frameworks/AppKit.framework; sourceTree = SDKROOT; };
		60DE22C4284DDC8400942C33 /* IOKit.framework */ = {isa = PBXFileReference; lastKnownFileType = wrapper.framework; name = IOKit.framework; path = System/Library/Frameworks/IOKit.framework; sourceTree = SDKROOT; };
		60DE22C6284DDC9200942C33 /* CoreFoundation.framework */ = {isa = PBXFileReference; lastKnownFileType = wrapper.framework; name = CoreFoundation.framework; path = System/Library/Frameworks/CoreFoundation.framework; sourceTree = SDKROOT; };
		60DE22C8284DDC9E00942C33 /* Foundation.framework */ = {isa = PBXFileReference; lastKnownFileType = wrapper.framework; name = Foundation.framework; path = System/Library/Frameworks/Foundation.framework; sourceTree = SDKROOT; };
		60DE22CA284DDCAA00942C33 /* CoreGraphics.framework */ = {isa = PBXFileReference; lastKnownFileType = wrapper.framework; name = CoreGraphics.framework; path = System/Library/Frameworks/CoreGraphics.framework; sourceTree = SDKROOT; };
/* End PBXFileReference section */

/* Begin PBXFrameworksBuildPhase section */
		60DE22AA284DD83000942C33 /* Frameworks */ = {
			isa = PBXFrameworksBuildPhase;
			buildActionMask = 2147483647;
			files = (
				60DE22CB284DDCAA00942C33 /* CoreGraphics.framework in Frameworks */,
				60DE22C9284DDC9E00942C33 /* Foundation.framework in Frameworks */,
				60DE22C7284DDC9200942C33 /* CoreFoundation.framework in Frameworks */,
				60DE22C5284DDC8400942C33 /* IOKit.framework in Frameworks */,
				60DE22C3284DDC6E00942C33 /* AppKit.framework in Frameworks */,
				60DE22BB284DDA8100942C33 /* libglfw3.a in Frameworks */,
			);
			runOnlyForDeploymentPostprocessing = 0;
		};
/* End PBXFrameworksBuildPhase section */

/* Begin PBXGroup section */
		60A9683B2882884F00889B11 /* Shaders */ = {
			isa = PBXGroup;
			children = (
				60A9683F28828DDF00889B11 /* basic.fs */,
				60A9684028828DDF00889B11 /* basic.vs */,
			);
			path = Shaders;
			sourceTree = "<group>";
		};
		60A9684128829ACF00889B11 /* Textures */ = {
			isa = PBXGroup;
			children = (
				60A9684628829DC200889B11 /* awesomeface.png */,
				60A9684528829DAF00889B11 /* container.jpeg */,
				60A9684228829AF600889B11 /* wall.jpeg */,
			);
			path = Textures;
			sourceTree = "<group>";
		};
		60DE22A4284DD83000942C33 = {
			isa = PBXGroup;
			children = (
				60A9684128829ACF00889B11 /* Textures */,
				60A9683B2882884F00889B11 /* Shaders */,
				60DE22B7284DD8DF00942C33 /* Externals */,
				60DE22AF284DD83000942C33 /* LearnOpenGL */,
				60DE22AE284DD83000942C33 /* Products */,
				60DE22C1284DDC6D00942C33 /* Frameworks */,
			);
			sourceTree = "<group>";
		};
		60DE22AE284DD83000942C33 /* Products */ = {
			isa = PBXGroup;
			children = (
				60DE22AD284DD83000942C33 /* LearnOpenGL */,
			);
			name = Products;
			sourceTree = "<group>";
		};
		60DE22AF284DD83000942C33 /* LearnOpenGL */ = {
			isa = PBXGroup;
			children = (
				60A9684A2882A17D00889B11 /* stb_image.h */,
				60DE22B0284DD83000942C33 /* main.cpp */,
				60A9683A2882873C00889B11 /* shader_s.h */,
				60A9684B2882A68E00889B11 /* constants.h */,
				60B88DBF288C0DAF00FBDCB9 /* shader_m.h */,
			);
			path = LearnOpenGL;
			sourceTree = "<group>";
		};
		60DE22B7284DD8DF00942C33 /* Externals */ = {
			isa = PBXGroup;
			children = (
				60DE22BF284DDB5300942C33 /* glad.c */,
				60DE22B9284DD91700942C33 /* Libraries */,
				60DE22B8284DD90900942C33 /* Include */,
			);
			path = Externals;
			sourceTree = "<group>";
		};
		60DE22B8284DD90900942C33 /* Include */ = {
			isa = PBXGroup;
			children = (
				60DE22BE284DDB1400942C33 /* KHR */,
				60DE22BD284DDB0A00942C33 /* glad */,
				60DE22BC284DDACE00942C33 /* GLFW */,
			);
			path = Include;
			sourceTree = "<group>";
		};
		60DE22B9284DD91700942C33 /* Libraries */ = {
			isa = PBXGroup;
			children = (
				60B88DBE288BCC4F00FBDCB9 /* glm */,
				60DE22BA284DDA8100942C33 /* libglfw3.a */,
			);
			path = Libraries;
			sourceTree = "<group>";
		};
		60DE22C1284DDC6D00942C33 /* Frameworks */ = {
			isa = PBXGroup;
			children = (
				60A968472882A0C400889B11 /* stb_image */,
				60DE22CA284DDCAA00942C33 /* CoreGraphics.framework */,
				60DE22C8284DDC9E00942C33 /* Foundation.framework */,
				60DE22C6284DDC9200942C33 /* CoreFoundation.framework */,
				60DE22C4284DDC8400942C33 /* IOKit.framework */,
				60DE22C2284DDC6E00942C33 /* AppKit.framework */,
			);
			name = Frameworks;
			sourceTree = "<group>";
		};
/* End PBXGroup section */

/* Begin PBXNativeTarget section */
		60DE22AC284DD83000942C33 /* LearnOpenGL */ = {
			isa = PBXNativeTarget;
			buildConfigurationList = 60DE22B4284DD83000942C33 /* Build configuration list for PBXNativeTarget "LearnOpenGL" */;
			buildPhases = (
				60DE22A9284DD83000942C33 /* Sources */,
				60DE22AA284DD83000942C33 /* Frameworks */,
				60DE22AB284DD83000942C33 /* CopyFiles */,
			);
			buildRules = (
			);
			dependencies = (
			);
			name = LearnOpenGL;
			productName = LearnOpenGL;
			productReference = 60DE22AD284DD83000942C33 /* LearnOpenGL */;
			productType = "com.apple.product-type.tool";
		};
/* End PBXNativeTarget section */

/* Begin PBXProject section */
		60DE22A5284DD83000942C33 /* Project object */ = {
			isa = PBXProject;
			attributes = {
				BuildIndependentTargetsInParallel = 1;
				LastUpgradeCheck = 1340;
				TargetAttributes = {
					60DE22AC284DD83000942C33 = {
						CreatedOnToolsVersion = 13.4.1;
					};
				};
			};
			buildConfigurationList = 60DE22A8284DD83000942C33 /* Build configuration list for PBXProject "LearnOpenGL" */;
			compatibilityVersion = "Xcode 13.0";
			developmentRegion = en;
			hasScannedForEncodings = 0;
			knownRegions = (
				en,
				Base,
			);
			mainGroup = 60DE22A4284DD83000942C33;
			productRefGroup = 60DE22AE284DD83000942C33 /* Products */;
			projectDirPath = "";
			projectRoot = "";
			targets = (
				60DE22AC284DD83000942C33 /* LearnOpenGL */,
			);
		};
/* End PBXProject section */

/* Begin PBXSourcesBuildPhase section */
		60DE22A9284DD83000942C33 /* Sources */ = {
			isa = PBXSourcesBuildPhase;
			buildActionMask = 2147483647;
			files = (
				60DE22B1284DD83000942C33 /* main.cpp in Sources */,
				60DE22C0284DDB5300942C33 /* glad.c in Sources */,
			);
			runOnlyForDeploymentPostprocessing = 0;
		};
/* End PBXSourcesBuildPhase section */

/* Begin XCBuildConfiguration section */
		60DE22B2284DD83000942C33 /* Debug */ = {
			isa = XCBuildConfiguration;
			buildSettings = {
				ALWAYS_SEARCH_USER_PATHS = NO;
				CLANG_ANALYZER_NONNULL = YES;
				CLANG_ANALYZER_NUMBER_OBJECT_CONVERSION = YES_AGGRESSIVE;
				CLANG_CXX_LANGUAGE_STANDARD = "gnu++17";
				CLANG_ENABLE_MODULES = YES;
				CLANG_ENABLE_OBJC_ARC = YES;
				CLANG_ENABLE_OBJC_WEAK = YES;
				CLANG_WARN_BLOCK_CAPTURE_AUTORELEASING = YES;
				CLANG_WARN_BOOL_CONVERSION = YES;
				CLANG_WARN_COMMA = YES;
				CLANG_WARN_CONSTANT_CONVERSION = YES;
				CLANG_WARN_DEPRECATED_OBJC_IMPLEMENTATIONS = YES;
				CLANG_WARN_DIRECT_OBJC_ISA_USAGE = YES_ERROR;
				CLANG_WARN_DOCUMENTATION_COMMENTS = YES;
				CLANG_WARN_EMPTY_BODY = YES;
				CLANG_WARN_ENUM_CONVERSION = YES;
				CLANG_WARN_INFINITE_RECURSION = YES;
				CLANG_WARN_INT_CONVERSION = YES;
				CLANG_WARN_NON_LITERAL_NULL_CONVERSION = YES;
				CLANG_WARN_OBJC_IMPLICIT_RETAIN_SELF = YES;
				CLANG_WARN_OBJC_LITERAL_CONVERSION = YES;
				CLANG_WARN_OBJC_ROOT_CLASS = YES_ERROR;
				CLANG_WARN_QUOTED_INCLUDE_IN_FRAMEWORK_HEADER = YES;
				CLANG_WARN_RANGE_LOOP_ANALYSIS = YES;
				CLANG_WARN_STRICT_PROTOTYPES = YES;
				CLANG_WARN_SUSPICIOUS_MOVE = YES;
				CLANG_WARN_UNGUARDED_AVAILABILITY = YES_AGGRESSIVE;
				CLANG_WARN_UNREACHABLE_CODE = YES;
				CLANG_WARN__DUPLICATE_METHOD_MATCH = YES;
				COPY_PHASE_STRIP = NO;
				DEBUG_INFORMATION_FORMAT = dwarf;
				ENABLE_STRICT_OBJC_MSGSEND = YES;
				ENABLE_TESTABILITY = YES;
				GCC_C_LANGUAGE_STANDARD = gnu11;
				GCC_DYNAMIC_NO_PIC = NO;
				GCC_NO_COMMON_BLOCKS = YES;
				GCC_OPTIMIZATION_LEVEL = 0;
				GCC_PREPROCESSOR_DEFINITIONS = (
					"DEBUG=1",
					"$(inherited)",
				);
				GCC_WARN_64_TO_32_BIT_CONVERSION = YES;
				GCC_WARN_ABOUT_RETURN_TYPE = YES_ERROR;
				GCC_WARN_UNDECLARED_SELECTOR = YES;
				GCC_WARN_UNINITIALIZED_AUTOS = YES_AGGRESSIVE;
				GCC_WARN_UNUSED_FUNCTION = YES;
				GCC_WARN_UNUSED_VARIABLE = YES;
				MACOSX_DEPLOYMENT_TARGET = 12.3;
				MTL_ENABLE_DEBUG_INFO = INCLUDE_SOURCE;
				MTL_FAST_MATH = YES;
				ONLY_ACTIVE_ARCH = YES;
				SDKROOT = macosx;
			};
			name = Debug;
		};
		60DE22B3284DD83000942C33 /* Release */ = {
			isa = XCBuildConfiguration;
			buildSettings = {
				ALWAYS_SEARCH_USER_PATHS = NO;
				CLANG_ANALYZER_NONNULL = YES;
				CLANG_ANALYZER_NUMBER_OBJECT_CONVERSION = YES_AGGRESSIVE;
				CLANG_CXX_LANGUAGE_STANDARD = "gnu++17";
				CLANG_ENABLE_MODULES = YES;
				CLANG_ENABLE_OBJC_ARC = YES;
				CLANG_ENABLE_OBJC_WEAK = YES;
				CLANG_WARN_BLOCK_CAPTURE_AUTORELEASING = YES;
				CLANG_WARN_BOOL_CONVERSION = YES;
				CLANG_WARN_COMMA = YES;
				CLANG_WARN_CONSTANT_CONVERSION = YES;
				CLANG_WARN_DEPRECATED_OBJC_IMPLEMENTATIONS = YES;
				CLANG_WARN_DIRECT_OBJC_ISA_USAGE = YES_ERROR;
				CLANG_WARN_DOCUMENTATION_COMMENTS = YES;
				CLANG_WARN_EMPTY_BODY = YES;
				CLANG_WARN_ENUM_CONVERSION = YES;
				CLANG_WARN_INFINITE_RECURSION = YES;
				CLANG_WARN_INT_CONVERSION = YES;
				CLANG_WARN_NON_LITERAL_NULL_CONVERSION = YES;
				CLANG_WARN_OBJC_IMPLICIT_RETAIN_SELF = YES;
				CLANG_WARN_OBJC_LITERAL_CONVERSION = YES;
				CLANG_WARN_OBJC_ROOT_CLASS = YES_ERROR;
				CLANG_WARN_QUOTED_INCLUDE_IN_FRAMEWORK_HEADER = YES;
				CLANG_WARN_RANGE_LOOP_ANALYSIS = YES;
				CLANG_WARN_STRICT_PROTOTYPES = YES;
				CLANG_WARN_SUSPICIOUS_MOVE = YES;
				CLANG_WARN_UNGUARDED_AVAILABILITY = YES_AGGRESSIVE;
				CLANG_WARN_UNREACHABLE_CODE = YES;
				CLANG_WARN__DUPLICATE_METHOD_MATCH = YES;
				COPY_PHASE_STRIP = NO;
				DEBUG_INFORMATION_FORMAT = "dwarf-with-dsym";
				ENABLE_NS_ASSERTIONS = NO;
				ENABLE_STRICT_OBJC_MSGSEND = YES;
				GCC_C_LANGUAGE_STANDARD = gnu11;
				GCC_NO_COMMON_BLOCKS = YES;
				GCC_WARN_64_TO_32_BIT_CONVERSION = YES;
				GCC_WARN_ABOUT_RETURN_TYPE = YES_ERROR;
				GCC_WARN_UNDECLARED_SELECTOR = YES;
				GCC_WARN_UNINITIALIZED_AUTOS = YES_AGGRESSIVE;
				GCC_WARN_UNUSED_FUNCTION = YES;
				GCC_WARN_UNUSED_VARIABLE = YES;
				MACOSX_DEPLOYMENT_TARGET = 12.3;
				MTL_ENABLE_DEBUG_INFO = NO;
				MTL_FAST_MATH = YES;
				SDKROOT = macosx;
			};
			name = Release;
		};
		60DE22B5284DD83000942C33 /* Debug */ = {
			isa = XCBuildConfiguration;
			buildSettings = {
				CODE_SIGN_STYLE = Automatic;
				HEADER_SEARCH_PATHS = (
					"$(PROJECT_DIR)/Externals/Include",
					"$(PROJECT_DIR)/LearnOpenGL",
				);
				LIBRARY_SEARCH_PATHS = "$(PROJECT_DIR)/Externals/Libraries";
				PRODUCT_NAME = "$(TARGET_NAME)";
			};
			name = Debug;
		};
		60DE22B6284DD83000942C33 /* Release */ = {
			isa = XCBuildConfiguration;
			buildSettings = {
				CODE_SIGN_STYLE = Automatic;
				HEADER_SEARCH_PATHS = (
					"$(PROJECT_DIR)/Externals/Include",
					"$(PROJECT_DIR)/LearnOpenGL",
				);
				LIBRARY_SEARCH_PATHS = "$(PROJECT_DIR)/Externals/Libraries";
				PRODUCT_NAME = "$(TARGET_NAME)";
			};
			name = Release;
		};
/* End XCBuildConfiguration section */

/* Begin XCConfigurationList section */
		60DE22A8284DD83000942C33 /* Build configuration list for PBXProject "LearnOpenGL" */ = {
			isa = XCConfigurationList;
			buildConfigurations = (
				60DE22B2284DD83000942C33 /* Debug */,
				60DE22B3284DD83000942C33 /* Release */,
			);
			defaultConfigurationIsVisible = 0;
			defaultConfigurationName = Release;
		};
		60DE22B4284DD83000942C33 /* Build configuration list for PBXNativeTarget "LearnOpenGL" */ = {
			isa = XCConfigurationList;
			buildConfigurations = (
				60DE22B5284DD83000942C33 /* Debug */,
				60DE22B6284DD83000942C33 /* Release */,
			);
			defaultConfigurationIsVisible = 0;
			defaultConfigurationName = Release;
		};
/* End XCConfigurationList section */
	};
	rootObject = 60DE22A5284DD83000942C33 /* Project object */;
}
